
Microsoft Visual Studio Solution File, Format Version 12.00
# Visual Studio Version 17
VisualStudioVersion = 17.3.32901.215
MinimumVisualStudioVersion = 10.0.40219.1
Project("{FAE04EC0-301F-11D3-BF4B-00C04F79EFBC}") = "Es01AnrangoRamos", "Es01AnrangoRamos\Es01AnrangoRamos.csproj", "{ED557A26-178E-4072-ABD3-572918A0C043}"
EndProject
Global
	GlobalSection(SolutionConfigurationPlatforms) = preSolution
		Debug|Any CPU = Debug|Any CPU
		Release|Any CPU = Release|Any CPU
	EndGlobalSection
	GlobalSection(ProjectConfigurationPlatforms) = postSolution
		{ED557A26-178E-4072-ABD3-572918A0C043}.Debug|Any CPU.ActiveCfg = Debug|Any CPU
		{ED557A26-178E-4072-ABD3-572918A0C043}.Debug|Any CPU.Build.0 = Debug|Any CPU
		{ED557A26-178E-4072-ABD3-572918A0C043}.Release|Any CPU.ActiveCfg = Release|Any CPU
		{ED557A26-178E-4072-ABD3-572918A0C043}.Release|Any CPU.Build.0 = Release|Any CPU
	EndGlobalSection
	GlobalSection(SolutionProperties) = preSolution
		HideSolutionNode = FALSE
	EndGlobalSection
	GlobalSection(ExtensibilityGlobals) = postSolution
		SolutionGuid = {FDFB2299-C8FC-43C0-8B10-DF04F262BDAD}
	EndGlobalSection
EndGlobal
